
Microsoft Visual Studio Solution File, Format Version 12.00
# Visual Studio Version 17
VisualStudioVersion = 17.1.32210.238
MinimumVisualStudioVersion = 10.0.40219.1
Project("{FAE04EC0-301F-11D3-BF4B-00C04F79EFBC}") = "Trabalho01", "Trabalho01\Trabalho01.csproj", "{453C3533-0EEE-4767-8B4A-DE52D759B575}"
EndProject
Global
	GlobalSection(SolutionConfigurationPlatforms) = preSolution
		Debug|Any CPU = Debug|Any CPU
		Release|Any CPU = Release|Any CPU
	EndGlobalSection
	GlobalSection(ProjectConfigurationPlatforms) = postSolution
		{453C3533-0EEE-4767-8B4A-DE52D759B575}.Debug|Any CPU.ActiveCfg = Debug|Any CPU
		{453C3533-0EEE-4767-8B4A-DE52D759B575}.Debug|Any CPU.Build.0 = Debug|Any CPU
		{453C3533-0EEE-4767-8B4A-DE52D759B575}.Release|Any CPU.ActiveCfg = Release|Any CPU
		{453C3533-0EEE-4767-8B4A-DE52D759B575}.Release|Any CPU.Build.0 = Release|Any CPU
	EndGlobalSection
	GlobalSection(SolutionProperties) = preSolution
		HideSolutionNode = FALSE
	EndGlobalSection
	GlobalSection(ExtensibilityGlobals) = postSolution
		SolutionGuid = {480401C5-DAE6-4610-81D7-87A916654B51}
	EndGlobalSection
EndGlobal
